// !$*UTF8*$!
{
	archiveVersion = 1;
	classes = {
	};
	objectVersion = 77;
	objects = {

/* Begin PBXBuildFile section */
		04335F66DE55A75587BD1B93 /* HeyNewsApp.swift in Sources */ = {isa = PBXBuildFile; fileRef = 868F10259397DE5664EE9299 /* HeyNewsApp.swift */; };
		0F86C32BB8674E67B965A907 /* KeychainStore.swift in Sources */ = {isa = PBXBuildFile; fileRef = 6A41C66541FC4F2FD9EDAFC9 /* KeychainStore.swift */; };
		167A9B3D6D021A4DC451CB3D /* SettingsView.swift in Sources */ = {isa = PBXBuildFile; fileRef = 01D58D0EFAC984E06EF32379 /* SettingsView.swift */; };
		1D5C12828AF0E02CAE39C83E /* AppState.swift in Sources */ = {isa = PBXBuildFile; fileRef = F3481B9D3D4E68AB64C5C9ED /* AppState.swift */; };
		2C7DE8DEFED93853F017EDB9 /* AIProviderPreset+Display.swift in Sources */ = {isa = PBXBuildFile; fileRef = 787CC39831B9206E20953F2C /* AIProviderPreset+Display.swift */; };
		3B13CB9032F488D4926B6FD3 /* THIRD_PARTY_NOTICES.md in Resources */ = {isa = PBXBuildFile; fileRef = 52F0F612B1816030EB5BBD34 /* THIRD_PARTY_NOTICES.md */; };
		459C628220997972C9108566 /* RootView.swift in Sources */ = {isa = PBXBuildFile; fileRef = 24FA114B5A065946875EBD41 /* RootView.swift */; };
		4CF5A08C92218CEEEF94EBD8 /* AIProvider.swift in Sources */ = {isa = PBXBuildFile; fileRef = 307FD9E94CA3AE048EE76CB6 /* AIProvider.swift */; };
		59DADCAB23BE8867792CCCE2 /* SidebarView.swift in Sources */ = {isa = PBXBuildFile; fileRef = 584ECAFB8166D6854CC334C9 /* SidebarView.swift */; };
		5B3A8283BB406277D54AD318 /* ReaderView.swift in Sources */ = {isa = PBXBuildFile; fileRef = C959A389A824F132CE2C4CB7 /* ReaderView.swift */; };
		6782CAD84C0F1058A01A99FE /* ConfigPersistence.swift in Sources */ = {isa = PBXBuildFile; fileRef = 78428EE69FDA2D0343A51E8E /* ConfigPersistence.swift */; };
		70898C0DD114D5992334B41F /* ArticleExtractor.swift in Sources */ = {isa = PBXBuildFile; fileRef = 330991BECB80DC259FA19C4F /* ArticleExtractor.swift */; };
		73B1E2285DEF538E5349A57C /* StoryList+Display.swift in Sources */ = {isa = PBXBuildFile; fileRef = DA5D31938EC6000320C0A0A0 /* StoryList+Display.swift */; };
		80EFC2166F614929BE7D6352 /* EmptyStateView.swift in Sources */ = {isa = PBXBuildFile; fileRef = 93C566DC8249F6D9739BC4D9 /* EmptyStateView.swift */; };
		919AC91A21C28A844CB8BB0D /* EULA.md in Resources */ = {isa = PBXBuildFile; fileRef = CD9982F39AA3E74DE70A3105 /* EULA.md */; };
		A03D4CEC04C62AA670F44CF1 /* reader.css in Resources */ = {isa = PBXBuildFile; fileRef = 894751DE507DE177BF960A15 /* reader.css */; };
		A046074AD2857A8484DD82E9 /* HeyNewsKit in Frameworks */ = {isa = PBXBuildFile; productRef = 6C7CAFAFCE59B93C9911085A /* HeyNewsKit */; };
		AA251C0062DFD6415B53132C /* SummaryService.swift in Sources */ = {isa = PBXBuildFile; fileRef = 5BFD1A7FB494104519C4690F /* SummaryService.swift */; };
		B61C225066B64491073E9315 /* StoryRowView.swift in Sources */ = {isa = PBXBuildFile; fileRef = 0B8F2A33E0520E1F8F3CC359 /* StoryRowView.swift */; };
		B727CB7B57929699214A8950 /* Readability.js in Resources */ = {isa = PBXBuildFile; fileRef = A855F7328D2EB32001855BBB /* Readability.js */; };
		B8297F9B3900FEF580CE6375 /* SummaryCardView.swift in Sources */ = {isa = PBXBuildFile; fileRef = 95A0F3BE1F6325EB8DD79755 /* SummaryCardView.swift */; };
		D5649596DF15CD08B712CF36 /* StoryListView.swift in Sources */ = {isa = PBXBuildFile; fileRef = 8992E4325F22E3CB1010CB07 /* StoryListView.swift */; };
		ECF192DBC631F60A018815EC /* HNClient.swift in Sources */ = {isa = PBXBuildFile; fileRef = CFCB277046B3C4955B97BD50 /* HNClient.swift */; };
/* End PBXBuildFile section */

/* Begin PBXFileReference section */
		01D58D0EFAC984E06EF32379 /* SettingsView.swift */ = {isa = PBXFileReference; lastKnownFileType = sourcecode.swift; path = SettingsView.swift; sourceTree = "<group>"; };
		0B8F2A33E0520E1F8F3CC359 /* StoryRowView.swift */ = {isa = PBXFileReference; lastKnownFileType = sourcecode.swift; path = StoryRowView.swift; sourceTree = "<group>"; };
		1AB85782C9F507AE3D04E60C /* HeyNewsKit */ = {isa = PBXFileReference; lastKnownFileType = folder; name = HeyNewsKit; path = Packages/HeyNewsKit; sourceTree = SOURCE_ROOT; };
		24FA114B5A065946875EBD41 /* RootView.swift */ = {isa = PBXFileReference; lastKnownFileType = sourcecode.swift; path = RootView.swift; sourceTree = "<group>"; };
		307FD9E94CA3AE048EE76CB6 /* AIProvider.swift */ = {isa = PBXFileReference; lastKnownFileType = sourcecode.swift; path = AIProvider.swift; sourceTree = "<group>"; };
		330991BECB80DC259FA19C4F /* ArticleExtractor.swift */ = {isa = PBXFileReference; lastKnownFileType = sourcecode.swift; path = ArticleExtractor.swift; sourceTree = "<group>"; };
		52F0F612B1816030EB5BBD34 /* THIRD_PARTY_NOTICES.md */ = {isa = PBXFileReference; lastKnownFileType = net.daringfireball.markdown; path = THIRD_PARTY_NOTICES.md; sourceTree = "<group>"; };
		584ECAFB8166D6854CC334C9 /* SidebarView.swift */ = {isa = PBXFileReference; lastKnownFileType = sourcecode.swift; path = SidebarView.swift; sourceTree = "<group>"; };
		5BFD1A7FB494104519C4690F /* SummaryService.swift */ = {isa = PBXFileReference; lastKnownFileType = sourcecode.swift; path = SummaryService.swift; sourceTree = "<group>"; };
		6A41C66541FC4F2FD9EDAFC9 /* KeychainStore.swift */ = {isa = PBXFileReference; lastKnownFileType = sourcecode.swift; path = KeychainStore.swift; sourceTree = "<group>"; };
		78428EE69FDA2D0343A51E8E /* ConfigPersistence.swift */ = {isa = PBXFileReference; lastKnownFileType = sourcecode.swift; path = ConfigPersistence.swift; sourceTree = "<group>"; };
		787CC39831B9206E20953F2C /* AIProviderPreset+Display.swift */ = {isa = PBXFileReference; lastKnownFileType = sourcecode.swift; path = "AIProviderPreset+Display.swift"; sourceTree = "<group>"; };
		7B8C13B0318706538E2B64B1 /* HeyNews.entitlements */ = {isa = PBXFileReference; lastKnownFileType = text.plist.entitlements; path = HeyNews.entitlements; sourceTree = "<group>"; };
		868F10259397DE5664EE9299 /* HeyNewsApp.swift */ = {isa = PBXFileReference; lastKnownFileType = sourcecode.swift; path = HeyNewsApp.swift; sourceTree = "<group>"; };
		894751DE507DE177BF960A15 /* reader.css */ = {isa = PBXFileReference; lastKnownFileType = text.css; path = reader.css; sourceTree = "<group>"; };
		8992E4325F22E3CB1010CB07 /* StoryListView.swift */ = {isa = PBXFileReference; lastKnownFileType = sourcecode.swift; path = StoryListView.swift; sourceTree = "<group>"; };
		92571541F2678CE36EE0DA84 /* HeyNews.app */ = {isa = PBXFileReference; explicitFileType = wrapper.application; includeInIndex = 0; path = HeyNews.app; sourceTree = BUILT_PRODUCTS_DIR; };
		93C566DC8249F6D9739BC4D9 /* EmptyStateView.swift */ = {isa = PBXFileReference; lastKnownFileType = sourcecode.swift; path = EmptyStateView.swift; sourceTree = "<group>"; };
		95A0F3BE1F6325EB8DD79755 /* SummaryCardView.swift */ = {isa = PBXFileReference; lastKnownFileType = sourcecode.swift; path = SummaryCardView.swift; sourceTree = "<group>"; };
		A55143F01F603BE5347988E7 /* Info.plist */ = {isa = PBXFileReference; lastKnownFileType = text.plist; path = Info.plist; sourceTree = "<group>"; };
		A855F7328D2EB32001855BBB /* Readability.js */ = {isa = PBXFileReference; lastKnownFileType = sourcecode.javascript; path = Readability.js; sourceTree = "<group>"; };
		C959A389A824F132CE2C4CB7 /* ReaderView.swift */ = {isa = PBXFileReference; lastKnownFileType = sourcecode.swift; path = ReaderView.swift; sourceTree = "<group>"; };
		CD9982F39AA3E74DE70A3105 /* EULA.md */ = {isa = PBXFileReference; lastKnownFileType = net.daringfireball.markdown; path = EULA.md; sourceTree = "<group>"; };
		CFCB277046B3C4955B97BD50 /* HNClient.swift */ = {isa = PBXFileReference; lastKnownFileType = sourcecode.swift; path = HNClient.swift; sourceTree = "<group>"; };
		DA5D31938EC6000320C0A0A0 /* StoryList+Display.swift */ = {isa = PBXFileReference; lastKnownFileType = sourcecode.swift; path = "StoryList+Display.swift"; sourceTree = "<group>"; };
		F3481B9D3D4E68AB64C5C9ED /* AppState.swift */ = {isa = PBXFileReference; lastKnownFileType = sourcecode.swift; path = AppState.swift; sourceTree = "<group>"; };
/* End PBXFileReference section */

/* Begin PBXFrameworksBuildPhase section */
		55F2A485FE9E908EEA6E0055 /* Frameworks */ = {
			isa = PBXFrameworksBuildPhase;
			buildActionMask = 2147483647;
			files = (
				A046074AD2857A8484DD82E9 /* HeyNewsKit in Frameworks */,
			);
			runOnlyForDeploymentPostprocessing = 0;
		};
/* End PBXFrameworksBuildPhase section */

/* Begin PBXGroup section */
		04D9DDC5DCE0B8811D8901F9 /* Resources */ = {
			isa = PBXGroup;
			children = (
				CD9982F39AA3E74DE70A3105 /* EULA.md */,
				A855F7328D2EB32001855BBB /* Readability.js */,
				894751DE507DE177BF960A15 /* reader.css */,
				52F0F612B1816030EB5BBD34 /* THIRD_PARTY_NOTICES.md */,
			);
			path = Resources;
			sourceTree = "<group>";
		};
		0639F31A3C044E2097F541AD /* Services */ = {
			isa = PBXGroup;
			children = (
				307FD9E94CA3AE048EE76CB6 /* AIProvider.swift */,
				330991BECB80DC259FA19C4F /* ArticleExtractor.swift */,
				CFCB277046B3C4955B97BD50 /* HNClient.swift */,
				6A41C66541FC4F2FD9EDAFC9 /* KeychainStore.swift */,
				5BFD1A7FB494104519C4690F /* SummaryService.swift */,
			);
			path = Services;
			sourceTree = "<group>";
		};
		25DC382E7409112ACD8684A0 /* Models */ = {
			isa = PBXGroup;
			children = (
				787CC39831B9206E20953F2C /* AIProviderPreset+Display.swift */,
				DA5D31938EC6000320C0A0A0 /* StoryList+Display.swift */,
			);
			path = Models;
			sourceTree = "<group>";
		};
		3760B15943BE78538C3A97CE /* HeyNews */ = {
			isa = PBXGroup;
			children = (
				80D9330C4315A5615CA7EF56 /* App */,
				25DC382E7409112ACD8684A0 /* Models */,
				04D9DDC5DCE0B8811D8901F9 /* Resources */,
				0639F31A3C044E2097F541AD /* Services */,
				5FADA20D1B61415010F7AD4B /* Support */,
				4AF7190A3D34228C2EF89D5B /* Views */,
			);
			path = HeyNews;
			sourceTree = "<group>";
		};
		4AF7190A3D34228C2EF89D5B /* Views */ = {
			isa = PBXGroup;
			children = (
				93C566DC8249F6D9739BC4D9 /* EmptyStateView.swift */,
				C959A389A824F132CE2C4CB7 /* ReaderView.swift */,
				24FA114B5A065946875EBD41 /* RootView.swift */,
				01D58D0EFAC984E06EF32379 /* SettingsView.swift */,
				584ECAFB8166D6854CC334C9 /* SidebarView.swift */,
				8992E4325F22E3CB1010CB07 /* StoryListView.swift */,
				0B8F2A33E0520E1F8F3CC359 /* StoryRowView.swift */,
				95A0F3BE1F6325EB8DD79755 /* SummaryCardView.swift */,
			);
			path = Views;
			sourceTree = "<group>";
		};
		50BB2AC17F6B41191715E433 /* Products */ = {
			isa = PBXGroup;
			children = (
				92571541F2678CE36EE0DA84 /* HeyNews.app */,
			);
			name = Products;
			sourceTree = "<group>";
		};
		5FADA20D1B61415010F7AD4B /* Support */ = {
			isa = PBXGroup;
			children = (
				7B8C13B0318706538E2B64B1 /* HeyNews.entitlements */,
				A55143F01F603BE5347988E7 /* Info.plist */,
			);
			path = Support;
			sourceTree = "<group>";
		};
		726A9097CD27D0B4D04D3847 = {
			isa = PBXGroup;
			children = (
				3760B15943BE78538C3A97CE /* HeyNews */,
				DFDD1DFBA0D252A842EDF7E6 /* Packages */,
				50BB2AC17F6B41191715E433 /* Products */,
			);
			sourceTree = "<group>";
		};
		80D9330C4315A5615CA7EF56 /* App */ = {
			isa = PBXGroup;
			children = (
				F3481B9D3D4E68AB64C5C9ED /* AppState.swift */,
				78428EE69FDA2D0343A51E8E /* ConfigPersistence.swift */,
				868F10259397DE5664EE9299 /* HeyNewsApp.swift */,
			);
			path = App;
			sourceTree = "<group>";
		};
		DFDD1DFBA0D252A842EDF7E6 /* Packages */ = {
			isa = PBXGroup;
			children = (
				1AB85782C9F507AE3D04E60C /* HeyNewsKit */,
			);
			path = Packages;
			sourceTree = "<group>";
		};
/* End PBXGroup section */

/* Begin PBXNativeTarget section */
		C9D589150E0FB11CD78D5541 /* HeyNews */ = {
			isa = PBXNativeTarget;
			buildConfigurationList = 747352154F0A615241E07976 /* Build configuration list for PBXNativeTarget "HeyNews" */;
			buildPhases = (
				97D00FE1C3178FF912A60811 /* Sources */,
				1BBD5AD34845BCE6F511AA69 /* Resources */,
				55F2A485FE9E908EEA6E0055 /* Frameworks */,
			);
			buildRules = (
			);
			dependencies = (
			);
			name = HeyNews;
			packageProductDependencies = (
				6C7CAFAFCE59B93C9911085A /* HeyNewsKit */,
			);
			productName = HeyNews;
			productReference = 92571541F2678CE36EE0DA84 /* HeyNews.app */;
			productType = "com.apple.product-type.application";
		};
/* End PBXNativeTarget section */

/* Begin PBXProject section */
		AC0B421A310AA1A0C51D3D9F /* Project object */ = {
			isa = PBXProject;
			attributes = {
				BuildIndependentTargetsInParallel = YES;
				LastUpgradeCheck = 2630;
				TargetAttributes = {
					C9D589150E0FB11CD78D5541 = {
						DevelopmentTeam = "";
						ProvisioningStyle = Automatic;
					};
				};
			};
			buildConfigurationList = 610B97EB697C5E972EFB6032 /* Build configuration list for PBXProject "HeyNews" */;
			developmentRegion = en;
			hasScannedForEncodings = 0;
			knownRegions = (
				Base,
				en,
			);
			mainGroup = 726A9097CD27D0B4D04D3847;
			minimizedProjectReferenceProxies = 1;
			packageReferences = (
				CE143131AA070F61532A616D /* XCLocalSwiftPackageReference "Packages/HeyNewsKit" */,
			);
			preferredProjectObjectVersion = 77;
			productRefGroup = 50BB2AC17F6B41191715E433 /* Products */;
			projectDirPath = "";
			projectRoot = "";
			targets = (
				C9D589150E0FB11CD78D5541 /* HeyNews */,
			);
		};
/* End PBXProject section */

/* Begin PBXResourcesBuildPhase section */
		1BBD5AD34845BCE6F511AA69 /* Resources */ = {
			isa = PBXResourcesBuildPhase;
			buildActionMask = 2147483647;
			files = (
				919AC91A21C28A844CB8BB0D /* EULA.md in Resources */,
				B727CB7B57929699214A8950 /* Readability.js in Resources */,
				3B13CB9032F488D4926B6FD3 /* THIRD_PARTY_NOTICES.md in Resources */,
				A03D4CEC04C62AA670F44CF1 /* reader.css in Resources */,
			);
			runOnlyForDeploymentPostprocessing = 0;
		};
/* End PBXResourcesBuildPhase section */

/* Begin PBXSourcesBuildPhase section */
		97D00FE1C3178FF912A60811 /* Sources */ = {
			isa = PBXSourcesBuildPhase;
			buildActionMask = 2147483647;
			files = (
				4CF5A08C92218CEEEF94EBD8 /* AIProvider.swift in Sources */,
				2C7DE8DEFED93853F017EDB9 /* AIProviderPreset+Display.swift in Sources */,
				1D5C12828AF0E02CAE39C83E /* AppState.swift in Sources */,
				70898C0DD114D5992334B41F /* ArticleExtractor.swift in Sources */,
				6782CAD84C0F1058A01A99FE /* ConfigPersistence.swift in Sources */,
				80EFC2166F614929BE7D6352 /* EmptyStateView.swift in Sources */,
				ECF192DBC631F60A018815EC /* HNClient.swift in Sources */,
				04335F66DE55A75587BD1B93 /* HeyNewsApp.swift in Sources */,
				0F86C32BB8674E67B965A907 /* KeychainStore.swift in Sources */,
				5B3A8283BB406277D54AD318 /* ReaderView.swift in Sources */,
				459C628220997972C9108566 /* RootView.swift in Sources */,
				167A9B3D6D021A4DC451CB3D /* SettingsView.swift in Sources */,
				59DADCAB23BE8867792CCCE2 /* SidebarView.swift in Sources */,
				73B1E2285DEF538E5349A57C /* StoryList+Display.swift in Sources */,
				D5649596DF15CD08B712CF36 /* StoryListView.swift in Sources */,
				B61C225066B64491073E9315 /* StoryRowView.swift in Sources */,
				B8297F9B3900FEF580CE6375 /* SummaryCardView.swift in Sources */,
				AA251C0062DFD6415B53132C /* SummaryService.swift in Sources */,
			);
			runOnlyForDeploymentPostprocessing = 0;
		};
/* End PBXSourcesBuildPhase section */

/* Begin XCBuildConfiguration section */
		7273C52197A8E4359A6C19C9 /* Release */ = {
			isa = XCBuildConfiguration;
			buildSettings = {
				ALWAYS_SEARCH_USER_PATHS = NO;
				CLANG_ANALYZER_NONNULL = YES;
				CLANG_ANALYZER_NUMBER_OBJECT_CONVERSION = YES_AGGRESSIVE;
				CLANG_CXX_LANGUAGE_STANDARD = "gnu++14";
				CLANG_CXX_LIBRARY = "libc++";
				CLANG_ENABLE_MODULES = YES;
				CLANG_ENABLE_OBJC_ARC = YES;
				CLANG_ENABLE_OBJC_WEAK = YES;
				CLANG_WARN_BLOCK_CAPTURE_AUTORELEASING = YES;
				CLANG_WARN_BOOL_CONVERSION = YES;
				CLANG_WARN_COMMA = YES;
				CLANG_WARN_CONSTANT_CONVERSION = YES;
				CLANG_WARN_DEPRECATED_OBJC_IMPLEMENTATIONS = YES;
				CLANG_WARN_DIRECT_OBJC_ISA_USAGE = YES_ERROR;
				CLANG_WARN_DOCUMENTATION_COMMENTS = YES;
				CLANG_WARN_EMPTY_BODY = YES;
				CLANG_WARN_ENUM_CONVERSION = YES;
				CLANG_WARN_INFINITE_RECURSION = YES;
				CLANG_WARN_INT_CONVERSION = YES;
				CLANG_WARN_NON_LITERAL_NULL_CONVERSION = YES;
				CLANG_WARN_OBJC_IMPLICIT_RETAIN_SELF = YES;
				CLANG_WARN_OBJC_LITERAL_CONVERSION = YES;
				CLANG_WARN_OBJC_ROOT_CLASS = YES_ERROR;
				CLANG_WARN_QUOTED_INCLUDE_IN_FRAMEWORK_HEADER = YES;
				CLANG_WARN_RANGE_LOOP_ANALYSIS = YES;
				CLANG_WARN_STRICT_PROTOTYPES = YES;
				CLANG_WARN_SUSPICIOUS_MOVE = YES;
				CLANG_WARN_UNGUARDED_AVAILABILITY = YES_AGGRESSIVE;
				CLANG_WARN_UNREACHABLE_CODE = YES;
				CLANG_WARN__DUPLICATE_METHOD_MATCH = YES;
				CODE_SIGN_STYLE = Automatic;
				COPY_PHASE_STRIP = NO;
				CURRENT_PROJECT_VERSION = 1;
				DEBUG_INFORMATION_FORMAT = "dwarf-with-dsym";
				DEVELOPMENT_TEAM = "";
				ENABLE_NS_ASSERTIONS = NO;
				ENABLE_STRICT_OBJC_MSGSEND = YES;
				GCC_C_LANGUAGE_STANDARD = gnu11;
				GCC_NO_COMMON_BLOCKS = YES;
				GCC_WARN_64_TO_32_BIT_CONVERSION = YES;
				GCC_WARN_ABOUT_RETURN_TYPE = YES_ERROR;
				GCC_WARN_UNDECLARED_SELECTOR = YES;
				GCC_WARN_UNINITIALIZED_AUTOS = YES_AGGRESSIVE;
				GCC_WARN_UNUSED_FUNCTION = YES;
				GCC_WARN_UNUSED_VARIABLE = YES;
				MACOSX_DEPLOYMENT_TARGET = 15.0;
				MARKETING_VERSION = 0.1.0;
				MTL_ENABLE_DEBUG_INFO = NO;
				MTL_FAST_MATH = YES;
				PRODUCT_NAME = "$(TARGET_NAME)";
				SDKROOT = macosx;
				SWIFT_COMPILATION_MODE = wholemodule;
				SWIFT_OPTIMIZATION_LEVEL = "-O";
				SWIFT_VERSION = 6.0;
			};
			name = Release;
		};
		74FCDBAECF0A076AB63DF98B /* Release */ = {
			isa = XCBuildConfiguration;
			buildSettings = {
				ASSETCATALOG_COMPILER_APPICON_NAME = AppIcon;
				CODE_SIGN_ENTITLEMENTS = HeyNews/Support/HeyNews.entitlements;
				COMBINE_HIDPI_IMAGES = YES;
				ENABLE_HARDENED_RUNTIME = YES;
				INFOPLIST_FILE = HeyNews/Support/Info.plist;
				LD_RUNPATH_SEARCH_PATHS = (
					"$(inherited)",
					"@executable_path/../Frameworks",
				);
				PRODUCT_BUNDLE_IDENTIFIER = com.nipher.HeyNews;
				PRODUCT_NAME = HeyNews;
				SDKROOT = macosx;
				SWIFT_STRICT_CONCURRENCY = complete;
			};
			name = Release;
		};
		8558ABFCF99BD88AD093E98A /* Debug */ = {
			isa = XCBuildConfiguration;
			buildSettings = {
				ALWAYS_SEARCH_USER_PATHS = NO;
				CLANG_ANALYZER_NONNULL = YES;
				CLANG_ANALYZER_NUMBER_OBJECT_CONVERSION = YES_AGGRESSIVE;
				CLANG_CXX_LANGUAGE_STANDARD = "gnu++14";
				CLANG_CXX_LIBRARY = "libc++";
				CLANG_ENABLE_MODULES = YES;
				CLANG_ENABLE_OBJC_ARC = YES;
				CLANG_ENABLE_OBJC_WEAK = YES;
				CLANG_WARN_BLOCK_CAPTURE_AUTORELEASING = YES;
				CLANG_WARN_BOOL_CONVERSION = YES;
				CLANG_WARN_COMMA = YES;
				CLANG_WARN_CONSTANT_CONVERSION = YES;
				CLANG_WARN_DEPRECATED_OBJC_IMPLEMENTATIONS = YES;
				CLANG_WARN_DIRECT_OBJC_ISA_USAGE = YES_ERROR;
				CLANG_WARN_DOCUMENTATION_COMMENTS = YES;
				CLANG_WARN_EMPTY_BODY = YES;
				CLANG_WARN_ENUM_CONVERSION = YES;
				CLANG_WARN_INFINITE_RECURSION = YES;
				CLANG_WARN_INT_CONVERSION = YES;
				CLANG_WARN_NON_LITERAL_NULL_CONVERSION = YES;
				CLANG_WARN_OBJC_IMPLICIT_RETAIN_SELF = YES;
				CLANG_WARN_OBJC_LITERAL_CONVERSION = YES;
				CLANG_WARN_OBJC_ROOT_CLASS = YES_ERROR;
				CLANG_WARN_QUOTED_INCLUDE_IN_FRAMEWORK_HEADER = YES;
				CLANG_WARN_RANGE_LOOP_ANALYSIS = YES;
				CLANG_WARN_STRICT_PROTOTYPES = YES;
				CLANG_WARN_SUSPICIOUS_MOVE = YES;
				CLANG_WARN_UNGUARDED_AVAILABILITY = YES_AGGRESSIVE;
				CLANG_WARN_UNREACHABLE_CODE = YES;
				CLANG_WARN__DUPLICATE_METHOD_MATCH = YES;
				CODE_SIGN_STYLE = Automatic;
				COPY_PHASE_STRIP = NO;
				CURRENT_PROJECT_VERSION = 1;
				DEBUG_INFORMATION_FORMAT = dwarf;
				DEVELOPMENT_TEAM = "";
				ENABLE_STRICT_OBJC_MSGSEND = YES;
				ENABLE_TESTABILITY = YES;
				GCC_C_LANGUAGE_STANDARD = gnu11;
				GCC_DYNAMIC_NO_PIC = NO;
				GCC_NO_COMMON_BLOCKS = YES;
				GCC_OPTIMIZATION_LEVEL = 0;
				GCC_PREPROCESSOR_DEFINITIONS = (
					"$(inherited)",
					"DEBUG=1",
				);
				GCC_WARN_64_TO_32_BIT_CONVERSION = YES;
				GCC_WARN_ABOUT_RETURN_TYPE = YES_ERROR;
				GCC_WARN_UNDECLARED_SELECTOR = YES;
				GCC_WARN_UNINITIALIZED_AUTOS = YES_AGGRESSIVE;
				GCC_WARN_UNUSED_FUNCTION = YES;
				GCC_WARN_UNUSED_VARIABLE = YES;
				MACOSX_DEPLOYMENT_TARGET = 15.0;
				MARKETING_VERSION = 0.1.0;
				MTL_ENABLE_DEBUG_INFO = INCLUDE_SOURCE;
				MTL_FAST_MATH = YES;
				ONLY_ACTIVE_ARCH = YES;
				PRODUCT_NAME = "$(TARGET_NAME)";
				SDKROOT = macosx;
				SWIFT_ACTIVE_COMPILATION_CONDITIONS = DEBUG;
				SWIFT_OPTIMIZATION_LEVEL = "-Onone";
				SWIFT_VERSION = 6.0;
			};
			name = Debug;
		};
		FAE6FD57BC2745FCCD0A1567 /* Debug */ = {
			isa = XCBuildConfiguration;
			buildSettings = {
				ASSETCATALOG_COMPILER_APPICON_NAME = AppIcon;
				CODE_SIGN_ENTITLEMENTS = HeyNews/Support/HeyNews.entitlements;
				COMBINE_HIDPI_IMAGES = YES;
				ENABLE_HARDENED_RUNTIME = YES;
				INFOPLIST_FILE = HeyNews/Support/Info.plist;
				LD_RUNPATH_SEARCH_PATHS = (
					"$(inherited)",
					"@executable_path/../Frameworks",
				);
				PRODUCT_BUNDLE_IDENTIFIER = com.nipher.HeyNews;
				PRODUCT_NAME = HeyNews;
				SDKROOT = macosx;
				SWIFT_STRICT_CONCURRENCY = complete;
			};
			name = Debug;
		};
/* End XCBuildConfiguration section */

/* Begin XCConfigurationList section */
		610B97EB697C5E972EFB6032 /* Build configuration list for PBXProject "HeyNews" */ = {
			isa = XCConfigurationList;
			buildConfigurations = (
				8558ABFCF99BD88AD093E98A /* Debug */,
				7273C52197A8E4359A6C19C9 /* Release */,
			);
			defaultConfigurationIsVisible = 0;
			defaultConfigurationName = Debug;
		};
		747352154F0A615241E07976 /* Build configuration list for PBXNativeTarget "HeyNews" */ = {
			isa = XCConfigurationList;
			buildConfigurations = (
				FAE6FD57BC2745FCCD0A1567 /* Debug */,
				74FCDBAECF0A076AB63DF98B /* Release */,
			);
			defaultConfigurationIsVisible = 0;
			defaultConfigurationName = Debug;
		};
/* End XCConfigurationList section */

/* Begin XCLocalSwiftPackageReference section */
		CE143131AA070F61532A616D /* XCLocalSwiftPackageReference "Packages/HeyNewsKit" */ = {
			isa = XCLocalSwiftPackageReference;
			relativePath = Packages/HeyNewsKit;
		};
/* End XCLocalSwiftPackageReference section */

/* Begin XCSwiftPackageProductDependency section */
		6C7CAFAFCE59B93C9911085A /* HeyNewsKit */ = {
			isa = XCSwiftPackageProductDependency;
			productName = HeyNewsKit;
		};
/* End XCSwiftPackageProductDependency section */
	};
	rootObject = AC0B421A310AA1A0C51D3D9F /* Project object */;
}
